{
  "nodes": {
    "flake-parts": {
      "inputs": {
        "nixpkgs-lib": "nixpkgs-lib"
      },
      "locked": {
        "lastModified": 1704982712,
        "narHash": "sha256-2Ptt+9h8dczgle2Oo6z5ni5rt/uLMG47UFTR1ry/wgg=",
        "owner": "hercules-ci",
        "repo": "flake-parts",
        "rev": "07f6395285469419cf9d078f59b5b49993198c00",
        "type": "github"
      },
      "original": {
        "owner": "hercules-ci",
        "repo": "flake-parts",
        "type": "github"
      }
    },
    "nixpkgs": {
      "locked": {
        "lastModified": 1705635624,
        "narHash": "sha256-DU0schxQOtBNO1c9hUsgYl+QMOXQMfRT7Qw/mg+ayno=",
        "owner": "NixOS",
        "repo": "nixpkgs",
        "rev": "4471857c0a4a8a0ffc7bdbeaf1b998746ce12a82",
        "type": "github"
      },
      "original": {
        "owner": "NixOS",
        "ref": "nixpkgs-unstable",
        "repo": "nixpkgs",
        "type": "github"
      }
    },
    "nixpkgs-lib": {
      "locked": {
        "dir": "lib",
        "lastModified": 1703961334,
        "narHash": "sha256-M1mV/Cq+pgjk0rt6VxoyyD+O8cOUiai8t9Q6Yyq4noY=",
        "owner": "NixOS",
        "repo": "nixpkgs",
        "rev": "b0d36bd0a420ecee3bc916c91886caca87c894e9",
        "type": "github"
      },
      "original": {
        "dir": "lib",
        "owner": "NixOS",
        "ref": "nixos-unstable",
        "repo": "nixpkgs",
        "type": "github"
      }
    },
    "root": {
      "inputs": {
        "flake-parts": "flake-parts",
        "nixpkgs": "nixpkgs",
        "sdrpp": "sdrpp"
      }
    },
    "sdrpp": {
      "flake": false,
      "locked": {
        "lastModified": 1705470728,
        "narHash": "sha256-SZzKU+0e1A1Tfhs9ap1FkKyIEPQDOQ8phndFArXtfSQ=",
        "owner": "AlexandreRouma",
        "repo": "SDRPlusPlus",
        "rev": "052167962dbf9adc2a02825f2f428e7613255d50",
        "type": "github"
      },
      "original": {
        "owner": "AlexandreRouma",
        "repo": "SDRPlusPlus",
        "type": "github"
      }
    }
  },
  "root": "root",
  "version": 7
}
